{
  "name": "data-encryption",
  "lockfileVersion": 3,
  "requires": true,
  "packages": {
    "": {
      "dependencies": {
        "psr-container": "^1.1.0"
      }
    },
    "node_modules/psr-container": {
      "version": "1.1.0",
      "resolved": "https://registry.npmjs.org/psr-container/-/psr-container-1.1.0.tgz",
      "integrity": "sha512-Cn9FCa4QcY8/8kuA7+1ga+5yTPkZEI/yJjANuJOfV+eKKJXeJyofY8mben/xtaz0ArF2UZmz7nTSn7Cer96MBQ==",
      "deprecated": "replaced by @chubbyjs/psr-container",
      "engines": {
        "node": ">=10"
      }
    }
  }
}
